
Microsoft Visual Studio Solution File, Format Version 12.00
# Visual Studio Version 17
VisualStudioVersion = 17.6.33620.401
MinimumVisualStudioVersion = 10.0.40219.1
Project("{9A19103F-16F7-4668-BE54-9A1E7A4F7556}") = "HoaM.Domain", "HoaM.Domain\HoaM.Domain.csproj", "{CC64B31F-54A5-4619-B488-2A3602663778}"
EndProject
Project("{9A19103F-16F7-4668-BE54-9A1E7A4F7556}") = "HoaM.Application", "HoaM.Application\HoaM.Application.csproj", "{FB80551A-6F50-48B3-865E-853EEED95A54}"
EndProject
Project("{2150E333-8FDC-42A3-9474-1A3956D46DE8}") = "tests", "tests", "{01E36860-5162-4CCF-B47A-E40E04E8CE66}"
EndProject
Project("{9A19103F-16F7-4668-BE54-9A1E7A4F7556}") = "HoaM.Domain.UnitTests", "HoaM.DomainTests\HoaM.Domain.UnitTests.csproj", "{4F698436-ED6D-40CC-A293-DEC93AF2AB7D}"
EndProject
Project("{9A19103F-16F7-4668-BE54-9A1E7A4F7556}") = "HoaM.SampleAPI", "HoaM.SampleAPI\HoaM.SampleAPI.csproj", "{69516673-89F6-4286-AB35-87E633D1B5A9}"
EndProject
Project("{9A19103F-16F7-4668-BE54-9A1E7A4F7556}") = "HoaM.Infrastructure", "HoaM.Infrastructure\HoaM.Infrastructure.csproj", "{89E13804-4505-4D75-8FE0-32966B6917BD}"
EndProject
Project("{9A19103F-16F7-4668-BE54-9A1E7A4F7556}") = "HoaM.API", "HoaM.RestAPI\HoaM.API.csproj", "{CD9D0588-82E8-4663-91A6-8A9D4D303733}"
EndProject
Project("{9A19103F-16F7-4668-BE54-9A1E7A4F7556}") = "HoaM.Extensions.MediatR", "HoaM.Extensions.MediatR\HoaM.Extensions.MediatR.csproj", "{89A9EB81-D2A9-4C67-8728-3B14A625F318}"
EndProject
Project("{2150E333-8FDC-42A3-9474-1A3956D46DE8}") = "src", "src", "{15D660CC-0BCC-405A-B9E3-D6869AF995EF}"
EndProject
Project("{2150E333-8FDC-42A3-9474-1A3956D46DE8}") = "sample", "sample", "{C7DDA493-219B-4046-8B39-5617806AED52}"
EndProject
Project("{2150E333-8FDC-42A3-9474-1A3956D46DE8}") = "Core", "Core", "{64A7047C-D58A-440A-8A10-CB85B234162D}"
EndProject
Project("{2150E333-8FDC-42A3-9474-1A3956D46DE8}") = "Infrastructure", "Infrastructure", "{17A1CB33-6AC7-4DC1-ACB4-BDE7C6E10CA7}"
EndProject
Project("{2150E333-8FDC-42A3-9474-1A3956D46DE8}") = "API", "API", "{9FFD4479-E84F-4BF8-A486-38F30EC989D1}"
EndProject
Project("{2150E333-8FDC-42A3-9474-1A3956D46DE8}") = "Addons", "Addons", "{A3B66004-BBBA-4D2F-8D22-53B7916D619F}"
EndProject
Global
	GlobalSection(SolutionConfigurationPlatforms) = preSolution
		Debug|Any CPU = Debug|Any CPU
		Release|Any CPU = Release|Any CPU
	EndGlobalSection
	GlobalSection(ProjectConfigurationPlatforms) = postSolution
		{CC64B31F-54A5-4619-B488-2A3602663778}.Debug|Any CPU.ActiveCfg = Debug|Any CPU
		{CC64B31F-54A5-4619-B488-2A3602663778}.Debug|Any CPU.Build.0 = Debug|Any CPU
		{CC64B31F-54A5-4619-B488-2A3602663778}.Release|Any CPU.ActiveCfg = Release|Any CPU
		{CC64B31F-54A5-4619-B488-2A3602663778}.Release|Any CPU.Build.0 = Release|Any CPU
		{FB80551A-6F50-48B3-865E-853EEED95A54}.Debug|Any CPU.ActiveCfg = Debug|Any CPU
		{FB80551A-6F50-48B3-865E-853EEED95A54}.Debug|Any CPU.Build.0 = Debug|Any CPU
		{FB80551A-6F50-48B3-865E-853EEED95A54}.Release|Any CPU.ActiveCfg = Release|Any CPU
		{FB80551A-6F50-48B3-865E-853EEED95A54}.Release|Any CPU.Build.0 = Release|Any CPU
		{4F698436-ED6D-40CC-A293-DEC93AF2AB7D}.Debug|Any CPU.ActiveCfg = Debug|Any CPU
		{4F698436-ED6D-40CC-A293-DEC93AF2AB7D}.Debug|Any CPU.Build.0 = Debug|Any CPU
		{4F698436-ED6D-40CC-A293-DEC93AF2AB7D}.Release|Any CPU.ActiveCfg = Release|Any CPU
		{4F698436-ED6D-40CC-A293-DEC93AF2AB7D}.Release|Any CPU.Build.0 = Release|Any CPU
		{69516673-89F6-4286-AB35-87E633D1B5A9}.Debug|Any CPU.ActiveCfg = Debug|Any CPU
		{69516673-89F6-4286-AB35-87E633D1B5A9}.Debug|Any CPU.Build.0 = Debug|Any CPU
		{69516673-89F6-4286-AB35-87E633D1B5A9}.Release|Any CPU.ActiveCfg = Release|Any CPU
		{69516673-89F6-4286-AB35-87E633D1B5A9}.Release|Any CPU.Build.0 = Release|Any CPU
		{89E13804-4505-4D75-8FE0-32966B6917BD}.Debug|Any CPU.ActiveCfg = Debug|Any CPU
		{89E13804-4505-4D75-8FE0-32966B6917BD}.Debug|Any CPU.Build.0 = Debug|Any CPU
		{89E13804-4505-4D75-8FE0-32966B6917BD}.Release|Any CPU.ActiveCfg = Release|Any CPU
		{89E13804-4505-4D75-8FE0-32966B6917BD}.Release|Any CPU.Build.0 = Release|Any CPU
		{CD9D0588-82E8-4663-91A6-8A9D4D303733}.Debug|Any CPU.ActiveCfg = Debug|Any CPU
		{CD9D0588-82E8-4663-91A6-8A9D4D303733}.Debug|Any CPU.Build.0 = Debug|Any CPU
		{CD9D0588-82E8-4663-91A6-8A9D4D303733}.Release|Any CPU.ActiveCfg = Release|Any CPU
		{CD9D0588-82E8-4663-91A6-8A9D4D303733}.Release|Any CPU.Build.0 = Release|Any CPU
		{89A9EB81-D2A9-4C67-8728-3B14A625F318}.Debug|Any CPU.ActiveCfg = Debug|Any CPU
		{89A9EB81-D2A9-4C67-8728-3B14A625F318}.Debug|Any CPU.Build.0 = Debug|Any CPU
		{89A9EB81-D2A9-4C67-8728-3B14A625F318}.Release|Any CPU.ActiveCfg = Release|Any CPU
		{89A9EB81-D2A9-4C67-8728-3B14A625F318}.Release|Any CPU.Build.0 = Release|Any CPU
	EndGlobalSection
	GlobalSection(SolutionProperties) = preSolution
		HideSolutionNode = FALSE
	EndGlobalSection
	GlobalSection(NestedProjects) = preSolution
		{CC64B31F-54A5-4619-B488-2A3602663778} = {64A7047C-D58A-440A-8A10-CB85B234162D}
		{FB80551A-6F50-48B3-865E-853EEED95A54} = {64A7047C-D58A-440A-8A10-CB85B234162D}
		{4F698436-ED6D-40CC-A293-DEC93AF2AB7D} = {01E36860-5162-4CCF-B47A-E40E04E8CE66}
		{69516673-89F6-4286-AB35-87E633D1B5A9} = {C7DDA493-219B-4046-8B39-5617806AED52}
		{89E13804-4505-4D75-8FE0-32966B6917BD} = {17A1CB33-6AC7-4DC1-ACB4-BDE7C6E10CA7}
		{CD9D0588-82E8-4663-91A6-8A9D4D303733} = {9FFD4479-E84F-4BF8-A486-38F30EC989D1}
		{89A9EB81-D2A9-4C67-8728-3B14A625F318} = {A3B66004-BBBA-4D2F-8D22-53B7916D619F}
		{64A7047C-D58A-440A-8A10-CB85B234162D} = {15D660CC-0BCC-405A-B9E3-D6869AF995EF}
		{17A1CB33-6AC7-4DC1-ACB4-BDE7C6E10CA7} = {15D660CC-0BCC-405A-B9E3-D6869AF995EF}
		{9FFD4479-E84F-4BF8-A486-38F30EC989D1} = {15D660CC-0BCC-405A-B9E3-D6869AF995EF}
		{A3B66004-BBBA-4D2F-8D22-53B7916D619F} = {15D660CC-0BCC-405A-B9E3-D6869AF995EF}
	EndGlobalSection
	GlobalSection(ExtensibilityGlobals) = postSolution
		SolutionGuid = {6152E3DF-CE07-4EAD-A1BD-B9BD9EE1F172}
	EndGlobalSection
EndGlobal
