
Microsoft Visual Studio Solution File, Format Version 12.00
# Visual Studio Version 17
VisualStudioVersion = 17.6.33620.401
MinimumVisualStudioVersion = 10.0.40219.1
Project("{2150E333-8FDC-42A3-9474-1A3956D46DE8}") = "tests", "tests", "{01E36860-5162-4CCF-B47A-E40E04E8CE66}"
EndProject
Project("{9A19103F-16F7-4668-BE54-9A1E7A4F7556}") = "HoaM.Domain.UnitTests", "test\HoaM.DomainTests\HoaM.Domain.UnitTests.csproj", "{4F698436-ED6D-40CC-A293-DEC93AF2AB7D}"
EndProject
Project("{2150E333-8FDC-42A3-9474-1A3956D46DE8}") = "src", "src", "{15D660CC-0BCC-405A-B9E3-D6869AF995EF}"
EndProject
Project("{2150E333-8FDC-42A3-9474-1A3956D46DE8}") = "samples", "samples", "{C7DDA493-219B-4046-8B39-5617806AED52}"
EndProject
Project("{2150E333-8FDC-42A3-9474-1A3956D46DE8}") = "Core", "Core", "{64A7047C-D58A-440A-8A10-CB85B234162D}"
EndProject
Project("{2150E333-8FDC-42A3-9474-1A3956D46DE8}") = "Infrastructure", "Infrastructure", "{17A1CB33-6AC7-4DC1-ACB4-BDE7C6E10CA7}"
EndProject
Project("{2150E333-8FDC-42A3-9474-1A3956D46DE8}") = "API", "API", "{9FFD4479-E84F-4BF8-A486-38F30EC989D1}"
EndProject
Project("{2150E333-8FDC-42A3-9474-1A3956D46DE8}") = "Addons", "Addons", "{A3B66004-BBBA-4D2F-8D22-53B7916D619F}"
EndProject
Project("{9A19103F-16F7-4668-BE54-9A1E7A4F7556}") = "HoaM.SampleAPI", "samples\HoaM.SampleAPI\HoaM.SampleAPI.csproj", "{3A0D344D-9BA1-45B8-8898-26B62595D237}"
EndProject
Project("{9A19103F-16F7-4668-BE54-9A1E7A4F7556}") = "HoaM.Infrastructure", "src\Infrastructure\HoaM.Infrastructure\HoaM.Infrastructure.csproj", "{8122AA80-FCAE-45E1-9E7B-4224A778BCE0}"
EndProject
Project("{9A19103F-16F7-4668-BE54-9A1E7A4F7556}") = "HoaM.Domain", "src\Core\HoaM.Domain\HoaM.Domain.csproj", "{7DD0AA00-9160-472E-8766-08CDA8C1F4A9}"
EndProject
Project("{9A19103F-16F7-4668-BE54-9A1E7A4F7556}") = "HoaM.Application", "src\Core\HoaM.Application\HoaM.Application.csproj", "{5D2D873E-0024-4A23-820A-F909D3279ABE}"
EndProject
Project("{9A19103F-16F7-4668-BE54-9A1E7A4F7556}") = "HoaM.API", "src\API\HoaM.API\HoaM.API.csproj", "{62755AD9-C207-4C43-935F-C520E5480D86}"
EndProject
Project("{9A19103F-16F7-4668-BE54-9A1E7A4F7556}") = "HoaM.Extensions.MediatR", "src\Addons\HoaM.Extensions.MediatR\HoaM.Extensions.MediatR.csproj", "{5EBD4330-C783-4002-BFFD-3E1ED0FAC8DF}"
EndProject
Global
	GlobalSection(SolutionConfigurationPlatforms) = preSolution
		Debug|Any CPU = Debug|Any CPU
		Release|Any CPU = Release|Any CPU
	EndGlobalSection
	GlobalSection(ProjectConfigurationPlatforms) = postSolution
		{4F698436-ED6D-40CC-A293-DEC93AF2AB7D}.Debug|Any CPU.ActiveCfg = Debug|Any CPU
		{4F698436-ED6D-40CC-A293-DEC93AF2AB7D}.Debug|Any CPU.Build.0 = Debug|Any CPU
		{4F698436-ED6D-40CC-A293-DEC93AF2AB7D}.Release|Any CPU.ActiveCfg = Release|Any CPU
		{4F698436-ED6D-40CC-A293-DEC93AF2AB7D}.Release|Any CPU.Build.0 = Release|Any CPU
		{3A0D344D-9BA1-45B8-8898-26B62595D237}.Debug|Any CPU.ActiveCfg = Debug|Any CPU
		{3A0D344D-9BA1-45B8-8898-26B62595D237}.Debug|Any CPU.Build.0 = Debug|Any CPU
		{3A0D344D-9BA1-45B8-8898-26B62595D237}.Release|Any CPU.ActiveCfg = Release|Any CPU
		{3A0D344D-9BA1-45B8-8898-26B62595D237}.Release|Any CPU.Build.0 = Release|Any CPU
		{8122AA80-FCAE-45E1-9E7B-4224A778BCE0}.Debug|Any CPU.ActiveCfg = Debug|Any CPU
		{8122AA80-FCAE-45E1-9E7B-4224A778BCE0}.Debug|Any CPU.Build.0 = Debug|Any CPU
		{8122AA80-FCAE-45E1-9E7B-4224A778BCE0}.Release|Any CPU.ActiveCfg = Release|Any CPU
		{8122AA80-FCAE-45E1-9E7B-4224A778BCE0}.Release|Any CPU.Build.0 = Release|Any CPU
		{7DD0AA00-9160-472E-8766-08CDA8C1F4A9}.Debug|Any CPU.ActiveCfg = Debug|Any CPU
		{7DD0AA00-9160-472E-8766-08CDA8C1F4A9}.Debug|Any CPU.Build.0 = Debug|Any CPU
		{7DD0AA00-9160-472E-8766-08CDA8C1F4A9}.Release|Any CPU.ActiveCfg = Release|Any CPU
		{7DD0AA00-9160-472E-8766-08CDA8C1F4A9}.Release|Any CPU.Build.0 = Release|Any CPU
		{5D2D873E-0024-4A23-820A-F909D3279ABE}.Debug|Any CPU.ActiveCfg = Debug|Any CPU
		{5D2D873E-0024-4A23-820A-F909D3279ABE}.Debug|Any CPU.Build.0 = Debug|Any CPU
		{5D2D873E-0024-4A23-820A-F909D3279ABE}.Release|Any CPU.ActiveCfg = Release|Any CPU
		{5D2D873E-0024-4A23-820A-F909D3279ABE}.Release|Any CPU.Build.0 = Release|Any CPU
		{62755AD9-C207-4C43-935F-C520E5480D86}.Debug|Any CPU.ActiveCfg = Debug|Any CPU
		{62755AD9-C207-4C43-935F-C520E5480D86}.Debug|Any CPU.Build.0 = Debug|Any CPU
		{62755AD9-C207-4C43-935F-C520E5480D86}.Release|Any CPU.ActiveCfg = Release|Any CPU
		{62755AD9-C207-4C43-935F-C520E5480D86}.Release|Any CPU.Build.0 = Release|Any CPU
		{5EBD4330-C783-4002-BFFD-3E1ED0FAC8DF}.Debug|Any CPU.ActiveCfg = Debug|Any CPU
		{5EBD4330-C783-4002-BFFD-3E1ED0FAC8DF}.Debug|Any CPU.Build.0 = Debug|Any CPU
		{5EBD4330-C783-4002-BFFD-3E1ED0FAC8DF}.Release|Any CPU.ActiveCfg = Release|Any CPU
		{5EBD4330-C783-4002-BFFD-3E1ED0FAC8DF}.Release|Any CPU.Build.0 = Release|Any CPU
	EndGlobalSection
	GlobalSection(SolutionProperties) = preSolution
		HideSolutionNode = FALSE
	EndGlobalSection
	GlobalSection(NestedProjects) = preSolution
		{4F698436-ED6D-40CC-A293-DEC93AF2AB7D} = {01E36860-5162-4CCF-B47A-E40E04E8CE66}
		{64A7047C-D58A-440A-8A10-CB85B234162D} = {15D660CC-0BCC-405A-B9E3-D6869AF995EF}
		{17A1CB33-6AC7-4DC1-ACB4-BDE7C6E10CA7} = {15D660CC-0BCC-405A-B9E3-D6869AF995EF}
		{9FFD4479-E84F-4BF8-A486-38F30EC989D1} = {15D660CC-0BCC-405A-B9E3-D6869AF995EF}
		{A3B66004-BBBA-4D2F-8D22-53B7916D619F} = {15D660CC-0BCC-405A-B9E3-D6869AF995EF}
		{3A0D344D-9BA1-45B8-8898-26B62595D237} = {C7DDA493-219B-4046-8B39-5617806AED52}
		{8122AA80-FCAE-45E1-9E7B-4224A778BCE0} = {17A1CB33-6AC7-4DC1-ACB4-BDE7C6E10CA7}
		{7DD0AA00-9160-472E-8766-08CDA8C1F4A9} = {64A7047C-D58A-440A-8A10-CB85B234162D}
		{5D2D873E-0024-4A23-820A-F909D3279ABE} = {64A7047C-D58A-440A-8A10-CB85B234162D}
		{62755AD9-C207-4C43-935F-C520E5480D86} = {9FFD4479-E84F-4BF8-A486-38F30EC989D1}
		{5EBD4330-C783-4002-BFFD-3E1ED0FAC8DF} = {A3B66004-BBBA-4D2F-8D22-53B7916D619F}
	EndGlobalSection
	GlobalSection(ExtensibilityGlobals) = postSolution
		SolutionGuid = {6152E3DF-CE07-4EAD-A1BD-B9BD9EE1F172}
	EndGlobalSection
EndGlobal
