
Microsoft Visual Studio Solution File, Format Version 12.00
# Visual Studio Version 17
VisualStudioVersion = 17.6.33620.401
MinimumVisualStudioVersion = 10.0.40219.1
Project("{FAE04EC0-301F-11D3-BF4B-00C04F79EFBC}") = "HoaM.Domain", "HoaM.Domain\HoaM.Domain.csproj", "{CC64B31F-54A5-4619-B488-2A3602663778}"
EndProject
Global
	GlobalSection(SolutionConfigurationPlatforms) = preSolution
		Debug|Any CPU = Debug|Any CPU
		Release|Any CPU = Release|Any CPU
	EndGlobalSection
	GlobalSection(ProjectConfigurationPlatforms) = postSolution
		{CC64B31F-54A5-4619-B488-2A3602663778}.Debug|Any CPU.ActiveCfg = Debug|Any CPU
		{CC64B31F-54A5-4619-B488-2A3602663778}.Debug|Any CPU.Build.0 = Debug|Any CPU
		{CC64B31F-54A5-4619-B488-2A3602663778}.Release|Any CPU.ActiveCfg = Release|Any CPU
		{CC64B31F-54A5-4619-B488-2A3602663778}.Release|Any CPU.Build.0 = Release|Any CPU
	EndGlobalSection
	GlobalSection(SolutionProperties) = preSolution
		HideSolutionNode = FALSE
	EndGlobalSection
	GlobalSection(ExtensibilityGlobals) = postSolution
		SolutionGuid = {6152E3DF-CE07-4EAD-A1BD-B9BD9EE1F172}
	EndGlobalSection
EndGlobal
